{
  "name": "maximilian210-utils",
  "version": "1.0.1",
  "lockfileVersion": 2,
  "requires": true,
  "packages": {
    "": {
      "name": "maximilian210-utils",
      "version": "1.0.1",
      "license": "ISC",
      "dependencies": {
        "date-fn": "^0.0.2",
        "dayjs": "^1.11.10"
      }
    },
    "node_modules/date-fn": {
      "version": "0.0.2",
      "resolved": "https://registry.npmjs.org/date-fn/-/date-fn-0.0.2.tgz",
      "integrity": "sha512-DBIKrlB2w9d6UPZwYn6qqSeKLwHt5uRf9Mj/PiGWHGQ5CxnvMCx2KteO5owfiknkYzMngrDwz5nX4CGxYlr0uA=="
    },
    "node_modules/dayjs": {
      "version": "1.11.10",
      "resolved": "https://registry.npmjs.org/dayjs/-/dayjs-1.11.10.tgz",
      "integrity": "sha512-vjAczensTgRcqDERK0SR2XMwsF/tSvnvlv6VcF2GIhg6Sx4yOIt/irsr1RDJsKiIyBzJDpCoXiWWq28MqH2cnQ=="
    }
  },
  "dependencies": {
    "date-fn": {
      "version": "0.0.2",
      "resolved": "https://registry.npmjs.org/date-fn/-/date-fn-0.0.2.tgz",
      "integrity": "sha512-DBIKrlB2w9d6UPZwYn6qqSeKLwHt5uRf9Mj/PiGWHGQ5CxnvMCx2KteO5owfiknkYzMngrDwz5nX4CGxYlr0uA=="
    },
    "dayjs": {
      "version": "1.11.10",
      "resolved": "https://registry.npmjs.org/dayjs/-/dayjs-1.11.10.tgz",
      "integrity": "sha512-vjAczensTgRcqDERK0SR2XMwsF/tSvnvlv6VcF2GIhg6Sx4yOIt/irsr1RDJsKiIyBzJDpCoXiWWq28MqH2cnQ=="
    }
  }
}
